
Microsoft Visual Studio Solution File, Format Version 12.00
# Visual Studio 15
VisualStudioVersion = 15.0.27004.2008
MinimumVisualStudioVersion = 10.0.40219.1
Project("{FAE04EC0-301F-11D3-BF4B-00C04F79EFBC}") = "CloudCompute", "CloudCompute\CloudCompute.csproj", "{C1E2B099-7B83-457B-8AB4-F7B10031F4B9}"
EndProject
Project("{FAE04EC0-301F-11D3-BF4B-00C04F79EFBC}") = "Dll", "Dll\Dll.csproj", "{B1767422-E53E-4F01-84BC-C402E5CC1C81}"
EndProject
Project("{FAE04EC0-301F-11D3-BF4B-00C04F79EFBC}") = "ConsoleApp", "ConsoleApp\ConsoleApp.csproj", "{AF451992-385B-4773-8E83-59530D06EED4}"
EndProject
Project("{FAE04EC0-301F-11D3-BF4B-00C04F79EFBC}") = "Contract", "Contract\Contract.csproj", "{FC60C982-8EBC-4062-8BF0-673C75E1D6E6}"
EndProject
Global
	GlobalSection(Performance) = preSolution
		HasPerformanceSessions = true
	EndGlobalSection
	GlobalSection(SolutionConfigurationPlatforms) = preSolution
		Debug|Any CPU = Debug|Any CPU
		Release|Any CPU = Release|Any CPU
	EndGlobalSection
	GlobalSection(ProjectConfigurationPlatforms) = postSolution
		{C1E2B099-7B83-457B-8AB4-F7B10031F4B9}.Debug|Any CPU.ActiveCfg = Debug|Any CPU
		{C1E2B099-7B83-457B-8AB4-F7B10031F4B9}.Debug|Any CPU.Build.0 = Debug|Any CPU
		{C1E2B099-7B83-457B-8AB4-F7B10031F4B9}.Release|Any CPU.ActiveCfg = Release|Any CPU
		{C1E2B099-7B83-457B-8AB4-F7B10031F4B9}.Release|Any CPU.Build.0 = Release|Any CPU
		{B1767422-E53E-4F01-84BC-C402E5CC1C81}.Debug|Any CPU.ActiveCfg = Debug|Any CPU
		{B1767422-E53E-4F01-84BC-C402E5CC1C81}.Debug|Any CPU.Build.0 = Debug|Any CPU
		{B1767422-E53E-4F01-84BC-C402E5CC1C81}.Release|Any CPU.ActiveCfg = Release|Any CPU
		{B1767422-E53E-4F01-84BC-C402E5CC1C81}.Release|Any CPU.Build.0 = Release|Any CPU
		{AF451992-385B-4773-8E83-59530D06EED4}.Debug|Any CPU.ActiveCfg = Debug|Any CPU
		{AF451992-385B-4773-8E83-59530D06EED4}.Debug|Any CPU.Build.0 = Debug|Any CPU
		{AF451992-385B-4773-8E83-59530D06EED4}.Release|Any CPU.ActiveCfg = Release|Any CPU
		{AF451992-385B-4773-8E83-59530D06EED4}.Release|Any CPU.Build.0 = Release|Any CPU
		{FC60C982-8EBC-4062-8BF0-673C75E1D6E6}.Debug|Any CPU.ActiveCfg = Debug|Any CPU
		{FC60C982-8EBC-4062-8BF0-673C75E1D6E6}.Debug|Any CPU.Build.0 = Debug|Any CPU
		{FC60C982-8EBC-4062-8BF0-673C75E1D6E6}.Release|Any CPU.ActiveCfg = Release|Any CPU
		{FC60C982-8EBC-4062-8BF0-673C75E1D6E6}.Release|Any CPU.Build.0 = Release|Any CPU
	EndGlobalSection
	GlobalSection(SolutionProperties) = preSolution
		HideSolutionNode = FALSE
	EndGlobalSection
	GlobalSection(ExtensibilityGlobals) = postSolution
		SolutionGuid = {3E812C88-CC6E-4DEC-B08A-9F488F95B5FD}
	EndGlobalSection
EndGlobal
